{
  "name": "proxy-decor",
  "version": "0.0.1",
  "lockfileVersion": 2,
  "requires": true,
  "packages": {
    "": {
      "version": "0.0.1",
      "license": "MIT",
      "dependencies": {
        "xtal-element": "0.0.389"
      }
    },
    "node_modules/trans-render": {
      "version": "0.0.286",
      "resolved": "https://registry.npmjs.org/trans-render/-/trans-render-0.0.286.tgz",
      "integrity": "sha512-8kSrQT6XYzCp+ZFQBrQPHZFzNtzQdO/07vL+v1WkniRO/rQgKumtAR4rrqadXvUqU1hX3yQe+usjoj/7e4Gu3w=="
    },
    "node_modules/xtal-element": {
      "version": "0.0.389",
      "resolved": "https://registry.npmjs.org/xtal-element/-/xtal-element-0.0.389.tgz",
      "integrity": "sha512-vS0tTisAo4T9Y8paXLSzrB5CFQIzIUnKX2A9yTLfWzOxUMA6Sn4Ykx+Hmofa98mVx0DyqDFwQgX1HF4YB6zvfQ==",
      "dependencies": {
        "trans-render": "0.0.286"
      }
    }
  },
  "dependencies": {
    "trans-render": {
      "version": "0.0.286",
      "resolved": "https://registry.npmjs.org/trans-render/-/trans-render-0.0.286.tgz",
      "integrity": "sha512-8kSrQT6XYzCp+ZFQBrQPHZFzNtzQdO/07vL+v1WkniRO/rQgKumtAR4rrqadXvUqU1hX3yQe+usjoj/7e4Gu3w=="
    },
    "xtal-element": {
      "version": "0.0.389",
      "resolved": "https://registry.npmjs.org/xtal-element/-/xtal-element-0.0.389.tgz",
      "integrity": "sha512-vS0tTisAo4T9Y8paXLSzrB5CFQIzIUnKX2A9yTLfWzOxUMA6Sn4Ykx+Hmofa98mVx0DyqDFwQgX1HF4YB6zvfQ==",
      "requires": {
        "trans-render": "0.0.286"
      }
    }
  }
}
